// !$*UTF8*$!
{
	archiveVersion = 1;
	classes = {
	};
	objectVersion = 55;
	objects = {

/* Begin PBXBuildFile section */
		F3CFD5F128EFB5CC0053B04A /* Lecture_4App.swift in Sources */ = {isa = PBXBuildFile; fileRef = F3CFD5F028EFB5CC0053B04A /* Lecture_4App.swift */; };
		F3CFD5F328EFB5CC0053B04A /* ContentView.swift in Sources */ = {isa = PBXBuildFile; fileRef = F3CFD5F228EFB5CC0053B04A /* ContentView.swift */; };
		F3CFD5F528EFB5CC0053B04A /* Assets.xcassets in Resources */ = {isa = PBXBuildFile; fileRef = F3CFD5F428EFB5CC0053B04A /* Assets.xcassets */; };
		F3CFD5F828EFB5CC0053B04A /* Preview Assets.xcassets in Resources */ = {isa = PBXBuildFile; fileRef = F3CFD5F728EFB5CC0053B04A /* Preview Assets.xcassets */; };
		F3CFD60228EFB5CC0053B04A /* Lecture_4Tests.swift in Sources */ = {isa = PBXBuildFile; fileRef = F3CFD60128EFB5CC0053B04A /* Lecture_4Tests.swift */; };
		F3CFD60C28EFB5CC0053B04A /* Lecture_4UITests.swift in Sources */ = {isa = PBXBuildFile; fileRef = F3CFD60B28EFB5CC0053B04A /* Lecture_4UITests.swift */; };
		F3CFD60E28EFB5CC0053B04A /* Lecture_4UITestsLaunchTests.swift in Sources */ = {isa = PBXBuildFile; fileRef = F3CFD60D28EFB5CC0053B04A /* Lecture_4UITestsLaunchTests.swift */; };
/* End PBXBuildFile section */

/* Begin PBXContainerItemProxy section */
		F3CFD5FE28EFB5CC0053B04A /* PBXContainerItemProxy */ = {
			isa = PBXContainerItemProxy;
			containerPortal = F3CFD5E528EFB5CC0053B04A /* Project object */;
			proxyType = 1;
			remoteGlobalIDString = F3CFD5EC28EFB5CC0053B04A;
			remoteInfo = "Lecture 4";
		};
		F3CFD60828EFB5CC0053B04A /* PBXContainerItemProxy */ = {
			isa = PBXContainerItemProxy;
			containerPortal = F3CFD5E528EFB5CC0053B04A /* Project object */;
			proxyType = 1;
			remoteGlobalIDString = F3CFD5EC28EFB5CC0053B04A;
			remoteInfo = "Lecture 4";
		};
/* End PBXContainerItemProxy section */

/* Begin PBXFileReference section */
		F3CFD5ED28EFB5CC0053B04A /* Lecture 4.app */ = {isa = PBXFileReference; explicitFileType = wrapper.application; includeInIndex = 0; path = "Lecture 4.app"; sourceTree = BUILT_PRODUCTS_DIR; };
		F3CFD5F028EFB5CC0053B04A /* Lecture_4App.swift */ = {isa = PBXFileReference; lastKnownFileType = sourcecode.swift; path = Lecture_4App.swift; sourceTree = "<group>"; };
		F3CFD5F228EFB5CC0053B04A /* ContentView.swift */ = {isa = PBXFileReference; lastKnownFileType = sourcecode.swift; path = ContentView.swift; sourceTree = "<group>"; };
		F3CFD5F428EFB5CC0053B04A /* Assets.xcassets */ = {isa = PBXFileReference; lastKnownFileType = folder.assetcatalog; path = Assets.xcassets; sourceTree = "<group>"; };
		F3CFD5F728EFB5CC0053B04A /* Preview Assets.xcassets */ = {isa = PBXFileReference; lastKnownFileType = folder.assetcatalog; path = "Preview Assets.xcassets"; sourceTree = "<group>"; };
		F3CFD5FD28EFB5CC0053B04A /* Lecture 4Tests.xctest */ = {isa = PBXFileReference; explicitFileType = wrapper.cfbundle; includeInIndex = 0; path = "Lecture 4Tests.xctest"; sourceTree = BUILT_PRODUCTS_DIR; };
		F3CFD60128EFB5CC0053B04A /* Lecture_4Tests.swift */ = {isa = PBXFileReference; lastKnownFileType = sourcecode.swift; path = Lecture_4Tests.swift; sourceTree = "<group>"; };
		F3CFD60728EFB5CC0053B04A /* Lecture 4UITests.xctest */ = {isa = PBXFileReference; explicitFileType = wrapper.cfbundle; includeInIndex = 0; path = "Lecture 4UITests.xctest"; sourceTree = BUILT_PRODUCTS_DIR; };
		F3CFD60B28EFB5CC0053B04A /* Lecture_4UITests.swift */ = {isa = PBXFileReference; lastKnownFileType = sourcecode.swift; path = Lecture_4UITests.swift; sourceTree = "<group>"; };
		F3CFD60D28EFB5CC0053B04A /* Lecture_4UITestsLaunchTests.swift */ = {isa = PBXFileReference; lastKnownFileType = sourcecode.swift; path = Lecture_4UITestsLaunchTests.swift; sourceTree = "<group>"; };
/* End PBXFileReference section */

/* Begin PBXFrameworksBuildPhase section */
		F3CFD5EA28EFB5CC0053B04A /* Frameworks */ = {
			isa = PBXFrameworksBuildPhase;
			buildActionMask = 2147483647;
			files = (
			);
			runOnlyForDeploymentPostprocessing = 0;
		};
		F3CFD5FA28EFB5CC0053B04A /* Frameworks */ = {
			isa = PBXFrameworksBuildPhase;
			buildActionMask = 2147483647;
			files = (
			);
			runOnlyForDeploymentPostprocessing = 0;
		};
		F3CFD60428EFB5CC0053B04A /* Frameworks */ = {
			isa = PBXFrameworksBuildPhase;
			buildActionMask = 2147483647;
			files = (
			);
			runOnlyForDeploymentPostprocessing = 0;
		};
/* End PBXFrameworksBuildPhase section */

/* Begin PBXGroup section */
		F3CFD5E428EFB5CC0053B04A = {
			isa = PBXGroup;
			children = (
				F3CFD5EF28EFB5CC0053B04A /* Lecture 4 */,
				F3CFD60028EFB5CC0053B04A /* Lecture 4Tests */,
				F3CFD60A28EFB5CC0053B04A /* Lecture 4UITests */,
				F3CFD5EE28EFB5CC0053B04A /* Products */,
			);
			sourceTree = "<group>";
		};
		F3CFD5EE28EFB5CC0053B04A /* Products */ = {
			isa = PBXGroup;
			children = (
				F3CFD5ED28EFB5CC0053B04A /* Lecture 4.app */,
				F3CFD5FD28EFB5CC0053B04A /* Lecture 4Tests.xctest */,
				F3CFD60728EFB5CC0053B04A /* Lecture 4UITests.xctest */,
			);
			name = Products;
			sourceTree = "<group>";
		};
		F3CFD5EF28EFB5CC0053B04A /* Lecture 4 */ = {
			isa = PBXGroup;
			children = (
				F3CFD5F028EFB5CC0053B04A /* Lecture_4App.swift */,
				F3CFD5F228EFB5CC0053B04A /* ContentView.swift */,
				F3CFD5F428EFB5CC0053B04A /* Assets.xcassets */,
				F3CFD5F628EFB5CC0053B04A /* Preview Content */,
			);
			path = "Lecture 4";
			sourceTree = "<group>";
		};
		F3CFD5F628EFB5CC0053B04A /* Preview Content */ = {
			isa = PBXGroup;
			children = (
				F3CFD5F728EFB5CC0053B04A /* Preview Assets.xcassets */,
			);
			path = "Preview Content";
			sourceTree = "<group>";
		};
		F3CFD60028EFB5CC0053B04A /* Lecture 4Tests */ = {
			isa = PBXGroup;
			children = (
				F3CFD60128EFB5CC0053B04A /* Lecture_4Tests.swift */,
			);
			path = "Lecture 4Tests";
			sourceTree = "<group>";
		};
		F3CFD60A28EFB5CC0053B04A /* Lecture 4UITests */ = {
			isa = PBXGroup;
			children = (
				F3CFD60B28EFB5CC0053B04A /* Lecture_4UITests.swift */,
				F3CFD60D28EFB5CC0053B04A /* Lecture_4UITestsLaunchTests.swift */,
			);
			path = "Lecture 4UITests";
			sourceTree = "<group>";
		};
/* End PBXGroup section */

/* Begin PBXNativeTarget section */
		F3CFD5EC28EFB5CC0053B04A /* Lecture 4 */ = {
			isa = PBXNativeTarget;
			buildConfigurationList = F3CFD61128EFB5CC0053B04A /* Build configuration list for PBXNativeTarget "Lecture 4" */;
			buildPhases = (
				F3CFD5E928EFB5CC0053B04A /* Sources */,
				F3CFD5EA28EFB5CC0053B04A /* Frameworks */,
				F3CFD5EB28EFB5CC0053B04A /* Resources */,
			);
			buildRules = (
			);
			dependencies = (
			);
			name = "Lecture 4";
			productName = "Lecture 4";
			productReference = F3CFD5ED28EFB5CC0053B04A /* Lecture 4.app */;
			productType = "com.apple.product-type.application";
		};
		F3CFD5FC28EFB5CC0053B04A /* Lecture 4Tests */ = {
			isa = PBXNativeTarget;
			buildConfigurationList = F3CFD61428EFB5CC0053B04A /* Build configuration list for PBXNativeTarget "Lecture 4Tests" */;
			buildPhases = (
				F3CFD5F928EFB5CC0053B04A /* Sources */,
				F3CFD5FA28EFB5CC0053B04A /* Frameworks */,
				F3CFD5FB28EFB5CC0053B04A /* Resources */,
			);
			buildRules = (
			);
			dependencies = (
				F3CFD5FF28EFB5CC0053B04A /* PBXTargetDependency */,
			);
			name = "Lecture 4Tests";
			productName = "Lecture 4Tests";
			productReference = F3CFD5FD28EFB5CC0053B04A /* Lecture 4Tests.xctest */;
			productType = "com.apple.product-type.bundle.unit-test";
		};
		F3CFD60628EFB5CC0053B04A /* Lecture 4UITests */ = {
			isa = PBXNativeTarget;
			buildConfigurationList = F3CFD61728EFB5CC0053B04A /* Build configuration list for PBXNativeTarget "Lecture 4UITests" */;
			buildPhases = (
				F3CFD60328EFB5CC0053B04A /* Sources */,
				F3CFD60428EFB5CC0053B04A /* Frameworks */,
				F3CFD60528EFB5CC0053B04A /* Resources */,
			);
			buildRules = (
			);
			dependencies = (
				F3CFD60928EFB5CC0053B04A /* PBXTargetDependency */,
			);
			name = "Lecture 4UITests";
			productName = "Lecture 4UITests";
			productReference = F3CFD60728EFB5CC0053B04A /* Lecture 4UITests.xctest */;
			productType = "com.apple.product-type.bundle.ui-testing";
		};
/* End PBXNativeTarget section */

/* Begin PBXProject section */
		F3CFD5E528EFB5CC0053B04A /* Project object */ = {
			isa = PBXProject;
			attributes = {
				BuildIndependentTargetsInParallel = 1;
				LastSwiftUpdateCheck = 1340;
				LastUpgradeCheck = 1340;
				TargetAttributes = {
					F3CFD5EC28EFB5CC0053B04A = {
						CreatedOnToolsVersion = 13.4.1;
					};
					F3CFD5FC28EFB5CC0053B04A = {
						CreatedOnToolsVersion = 13.4.1;
						TestTargetID = F3CFD5EC28EFB5CC0053B04A;
					};
					F3CFD60628EFB5CC0053B04A = {
						CreatedOnToolsVersion = 13.4.1;
						TestTargetID = F3CFD5EC28EFB5CC0053B04A;
					};
				};
			};
			buildConfigurationList = F3CFD5E828EFB5CC0053B04A /* Build configuration list for PBXProject "Lecture 4" */;
			compatibilityVersion = "Xcode 13.0";
			developmentRegion = en;
			hasScannedForEncodings = 0;
			knownRegions = (
				en,
				Base,
			);
			mainGroup = F3CFD5E428EFB5CC0053B04A;
			productRefGroup = F3CFD5EE28EFB5CC0053B04A /* Products */;
			projectDirPath = "";
			projectRoot = "";
			targets = (
				F3CFD5EC28EFB5CC0053B04A /* Lecture 4 */,
				F3CFD5FC28EFB5CC0053B04A /* Lecture 4Tests */,
				F3CFD60628EFB5CC0053B04A /* Lecture 4UITests */,
			);
		};
/* End PBXProject section */

/* Begin PBXResourcesBuildPhase section */
		F3CFD5EB28EFB5CC0053B04A /* Resources */ = {
			isa = PBXResourcesBuildPhase;
			buildActionMask = 2147483647;
			files = (
				F3CFD5F828EFB5CC0053B04A /* Preview Assets.xcassets in Resources */,
				F3CFD5F528EFB5CC0053B04A /* Assets.xcassets in Resources */,
			);
			runOnlyForDeploymentPostprocessing = 0;
		};
		F3CFD5FB28EFB5CC0053B04A /* Resources */ = {
			isa = PBXResourcesBuildPhase;
			buildActionMask = 2147483647;
			files = (
			);
			runOnlyForDeploymentPostprocessing = 0;
		};
		F3CFD60528EFB5CC0053B04A /* Resources */ = {
			isa = PBXResourcesBuildPhase;
			buildActionMask = 2147483647;
			files = (
			);
			runOnlyForDeploymentPostprocessing = 0;
		};
/* End PBXResourcesBuildPhase section */

/* Begin PBXSourcesBuildPhase section */
		F3CFD5E928EFB5CC0053B04A /* Sources */ = {
			isa = PBXSourcesBuildPhase;
			buildActionMask = 2147483647;
			files = (
				F3CFD5F328EFB5CC0053B04A /* ContentView.swift in Sources */,
				F3CFD5F128EFB5CC0053B04A /* Lecture_4App.swift in Sources */,
			);
			runOnlyForDeploymentPostprocessing = 0;
		};
		F3CFD5F928EFB5CC0053B04A /* Sources */ = {
			isa = PBXSourcesBuildPhase;
			buildActionMask = 2147483647;
			files = (
				F3CFD60228EFB5CC0053B04A /* Lecture_4Tests.swift in Sources */,
			);
			runOnlyForDeploymentPostprocessing = 0;
		};
		F3CFD60328EFB5CC0053B04A /* Sources */ = {
			isa = PBXSourcesBuildPhase;
			buildActionMask = 2147483647;
			files = (
				F3CFD60E28EFB5CC0053B04A /* Lecture_4UITestsLaunchTests.swift in Sources */,
				F3CFD60C28EFB5CC0053B04A /* Lecture_4UITests.swift in Sources */,
			);
			runOnlyForDeploymentPostprocessing = 0;
		};
/* End PBXSourcesBuildPhase section */

/* Begin PBXTargetDependency section */
		F3CFD5FF28EFB5CC0053B04A /* PBXTargetDependency */ = {
			isa = PBXTargetDependency;
			target = F3CFD5EC28EFB5CC0053B04A /* Lecture 4 */;
			targetProxy = F3CFD5FE28EFB5CC0053B04A /* PBXContainerItemProxy */;
		};
		F3CFD60928EFB5CC0053B04A /* PBXTargetDependency */ = {
			isa = PBXTargetDependency;
			target = F3CFD5EC28EFB5CC0053B04A /* Lecture 4 */;
			targetProxy = F3CFD60828EFB5CC0053B04A /* PBXContainerItemProxy */;
		};
/* End PBXTargetDependency section */

/* Begin XCBuildConfiguration section */
		F3CFD60F28EFB5CC0053B04A /* Debug */ = {
			isa = XCBuildConfiguration;
			buildSettings = {
				ALWAYS_SEARCH_USER_PATHS = NO;
				CLANG_ANALYZER_NONNULL = YES;
				CLANG_ANALYZER_NUMBER_OBJECT_CONVERSION = YES_AGGRESSIVE;
				CLANG_CXX_LANGUAGE_STANDARD = "gnu++17";
				CLANG_ENABLE_MODULES = YES;
				CLANG_ENABLE_OBJC_ARC = YES;
				CLANG_ENABLE_OBJC_WEAK = YES;
				CLANG_WARN_BLOCK_CAPTURE_AUTORELEASING = YES;
				CLANG_WARN_BOOL_CONVERSION = YES;
				CLANG_WARN_COMMA = YES;
				CLANG_WARN_CONSTANT_CONVERSION = YES;
				CLANG_WARN_DEPRECATED_OBJC_IMPLEMENTATIONS = YES;
				CLANG_WARN_DIRECT_OBJC_ISA_USAGE = YES_ERROR;
				CLANG_WARN_DOCUMENTATION_COMMENTS = YES;
				CLANG_WARN_EMPTY_BODY = YES;
				CLANG_WARN_ENUM_CONVERSION = YES;
				CLANG_WARN_INFINITE_RECURSION = YES;
				CLANG_WARN_INT_CONVERSION = YES;
				CLANG_WARN_NON_LITERAL_NULL_CONVERSION = YES;
				CLANG_WARN_OBJC_IMPLICIT_RETAIN_SELF = YES;
				CLANG_WARN_OBJC_LITERAL_CONVERSION = YES;
				CLANG_WARN_OBJC_ROOT_CLASS = YES_ERROR;
				CLANG_WARN_QUOTED_INCLUDE_IN_FRAMEWORK_HEADER = YES;
				CLANG_WARN_RANGE_LOOP_ANALYSIS = YES;
				CLANG_WARN_STRICT_PROTOTYPES = YES;
				CLANG_WARN_SUSPICIOUS_MOVE = YES;
				CLANG_WARN_UNGUARDED_AVAILABILITY = YES_AGGRESSIVE;
				CLANG_WARN_UNREACHABLE_CODE = YES;
				CLANG_WARN__DUPLICATE_METHOD_MATCH = YES;
				COPY_PHASE_STRIP = NO;
				DEBUG_INFORMATION_FORMAT = dwarf;
				ENABLE_STRICT_OBJC_MSGSEND = YES;
				ENABLE_TESTABILITY = YES;
				GCC_C_LANGUAGE_STANDARD = gnu11;
				GCC_DYNAMIC_NO_PIC = NO;
				GCC_NO_COMMON_BLOCKS = YES;
				GCC_OPTIMIZATION_LEVEL = 0;
				GCC_PREPROCESSOR_DEFINITIONS = (
					"DEBUG=1",
					"$(inherited)",
				);
				GCC_WARN_64_TO_32_BIT_CONVERSION = YES;
				GCC_WARN_ABOUT_RETURN_TYPE = YES_ERROR;
				GCC_WARN_UNDECLARED_SELECTOR = YES;
				GCC_WARN_UNINITIALIZED_AUTOS = YES_AGGRESSIVE;
				GCC_WARN_UNUSED_FUNCTION = YES;
				GCC_WARN_UNUSED_VARIABLE = YES;
				IPHONEOS_DEPLOYMENT_TARGET = 15.5;
				MTL_ENABLE_DEBUG_INFO = INCLUDE_SOURCE;
				MTL_FAST_MATH = YES;
				ONLY_ACTIVE_ARCH = YES;
				SDKROOT = iphoneos;
				SWIFT_ACTIVE_COMPILATION_CONDITIONS = DEBUG;
				SWIFT_OPTIMIZATION_LEVEL = "-Onone";
			};
			name = Debug;
		};
		F3CFD61028EFB5CC0053B04A /* Release */ = {
			isa = XCBuildConfiguration;
			buildSettings = {
				ALWAYS_SEARCH_USER_PATHS = NO;
				CLANG_ANALYZER_NONNULL = YES;
				CLANG_ANALYZER_NUMBER_OBJECT_CONVERSION = YES_AGGRESSIVE;
				CLANG_CXX_LANGUAGE_STANDARD = "gnu++17";
				CLANG_ENABLE_MODULES = YES;
				CLANG_ENABLE_OBJC_ARC = YES;
				CLANG_ENABLE_OBJC_WEAK = YES;
				CLANG_WARN_BLOCK_CAPTURE_AUTORELEASING = YES;
				CLANG_WARN_BOOL_CONVERSION = YES;
				CLANG_WARN_COMMA = YES;
				CLANG_WARN_CONSTANT_CONVERSION = YES;
				CLANG_WARN_DEPRECATED_OBJC_IMPLEMENTATIONS = YES;
				CLANG_WARN_DIRECT_OBJC_ISA_USAGE = YES_ERROR;
				CLANG_WARN_DOCUMENTATION_COMMENTS = YES;
				CLANG_WARN_EMPTY_BODY = YES;
				CLANG_WARN_ENUM_CONVERSION = YES;
				CLANG_WARN_INFINITE_RECURSION = YES;
				CLANG_WARN_INT_CONVERSION = YES;
				CLANG_WARN_NON_LITERAL_NULL_CONVERSION = YES;
				CLANG_WARN_OBJC_IMPLICIT_RETAIN_SELF = YES;
				CLANG_WARN_OBJC_LITERAL_CONVERSION = YES;
				CLANG_WARN_OBJC_ROOT_CLASS = YES_ERROR;
				CLANG_WARN_QUOTED_INCLUDE_IN_FRAMEWORK_HEADER = YES;
				CLANG_WARN_RANGE_LOOP_ANALYSIS = YES;
				CLANG_WARN_STRICT_PROTOTYPES = YES;
				CLANG_WARN_SUSPICIOUS_MOVE = YES;
				CLANG_WARN_UNGUARDED_AVAILABILITY = YES_AGGRESSIVE;
				CLANG_WARN_UNREACHABLE_CODE = YES;
				CLANG_WARN__DUPLICATE_METHOD_MATCH = YES;
				COPY_PHASE_STRIP = NO;
				DEBUG_INFORMATION_FORMAT = "dwarf-with-dsym";
				ENABLE_NS_ASSERTIONS = NO;
				ENABLE_STRICT_OBJC_MSGSEND = YES;
				GCC_C_LANGUAGE_STANDARD = gnu11;
				GCC_NO_COMMON_BLOCKS = YES;
				GCC_WARN_64_TO_32_BIT_CONVERSION = YES;
				GCC_WARN_ABOUT_RETURN_TYPE = YES_ERROR;
				GCC_WARN_UNDECLARED_SELECTOR = YES;
				GCC_WARN_UNINITIALIZED_AUTOS = YES_AGGRESSIVE;
				GCC_WARN_UNUSED_FUNCTION = YES;
				GCC_WARN_UNUSED_VARIABLE = YES;
				IPHONEOS_DEPLOYMENT_TARGET = 15.5;
				MTL_ENABLE_DEBUG_INFO = NO;
				MTL_FAST_MATH = YES;
				SDKROOT = iphoneos;
				SWIFT_COMPILATION_MODE = wholemodule;
				SWIFT_OPTIMIZATION_LEVEL = "-O";
				VALIDATE_PRODUCT = YES;
			};
			name = Release;
		};
		F3CFD61228EFB5CC0053B04A /* Debug */ = {
			isa = XCBuildConfiguration;
			buildSettings = {
				ASSETCATALOG_COMPILER_APPICON_NAME = AppIcon;
				ASSETCATALOG_COMPILER_GLOBAL_ACCENT_COLOR_NAME = AccentColor;
				CODE_SIGN_STYLE = Automatic;
				CURRENT_PROJECT_VERSION = 1;
				DEVELOPMENT_ASSET_PATHS = "\"Lecture 4/Preview Content\"";
				ENABLE_PREVIEWS = YES;
				GENERATE_INFOPLIST_FILE = YES;
				INFOPLIST_KEY_UIApplicationSceneManifest_Generation = YES;
				INFOPLIST_KEY_UIApplicationSupportsIndirectInputEvents = YES;
				INFOPLIST_KEY_UILaunchScreen_Generation = YES;
				INFOPLIST_KEY_UISupportedInterfaceOrientations_iPad = "UIInterfaceOrientationPortrait UIInterfaceOrientationPortraitUpsideDown UIInterfaceOrientationLandscapeLeft UIInterfaceOrientationLandscapeRight";
				INFOPLIST_KEY_UISupportedInterfaceOrientations_iPhone = "UIInterfaceOrientationPortrait UIInterfaceOrientationLandscapeLeft UIInterfaceOrientationLandscapeRight";
				LD_RUNPATH_SEARCH_PATHS = (
					"$(inherited)",
					"@executable_path/Frameworks",
				);
				MARKETING_VERSION = 1.0;
				PRODUCT_BUNDLE_IDENTIFIER = "CubStart.Lecture-4";
				PRODUCT_NAME = "$(TARGET_NAME)";
				SWIFT_EMIT_LOC_STRINGS = YES;
				SWIFT_VERSION = 5.0;
				TARGETED_DEVICE_FAMILY = "1,2";
			};
			name = Debug;
		};
		F3CFD61328EFB5CC0053B04A /* Release */ = {
			isa = XCBuildConfiguration;
			buildSettings = {
				ASSETCATALOG_COMPILER_APPICON_NAME = AppIcon;
				ASSETCATALOG_COMPILER_GLOBAL_ACCENT_COLOR_NAME = AccentColor;
				CODE_SIGN_STYLE = Automatic;
				CURRENT_PROJECT_VERSION = 1;
				DEVELOPMENT_ASSET_PATHS = "\"Lecture 4/Preview Content\"";
				ENABLE_PREVIEWS = YES;
				GENERATE_INFOPLIST_FILE = YES;
				INFOPLIST_KEY_UIApplicationSceneManifest_Generation = YES;
				INFOPLIST_KEY_UIApplicationSupportsIndirectInputEvents = YES;
				INFOPLIST_KEY_UILaunchScreen_Generation = YES;
				INFOPLIST_KEY_UISupportedInterfaceOrientations_iPad = "UIInterfaceOrientationPortrait UIInterfaceOrientationPortraitUpsideDown UIInterfaceOrientationLandscapeLeft UIInterfaceOrientationLandscapeRight";
				INFOPLIST_KEY_UISupportedInterfaceOrientations_iPhone = "UIInterfaceOrientationPortrait UIInterfaceOrientationLandscapeLeft UIInterfaceOrientationLandscapeRight";
				LD_RUNPATH_SEARCH_PATHS = (
					"$(inherited)",
					"@executable_path/Frameworks",
				);
				MARKETING_VERSION = 1.0;
				PRODUCT_BUNDLE_IDENTIFIER = "CubStart.Lecture-4";
				PRODUCT_NAME = "$(TARGET_NAME)";
				SWIFT_EMIT_LOC_STRINGS = YES;
				SWIFT_VERSION = 5.0;
				TARGETED_DEVICE_FAMILY = "1,2";
			};
			name = Release;
		};
		F3CFD61528EFB5CC0053B04A /* Debug */ = {
			isa = XCBuildConfiguration;
			buildSettings = {
				ALWAYS_EMBED_SWIFT_STANDARD_LIBRARIES = YES;
				BUNDLE_LOADER = "$(TEST_HOST)";
				CODE_SIGN_STYLE = Automatic;
				CURRENT_PROJECT_VERSION = 1;
				GENERATE_INFOPLIST_FILE = YES;
				IPHONEOS_DEPLOYMENT_TARGET = 15.5;
				MARKETING_VERSION = 1.0;
				PRODUCT_BUNDLE_IDENTIFIER = "CubStart.Lecture-4Tests";
				PRODUCT_NAME = "$(TARGET_NAME)";
				SWIFT_EMIT_LOC_STRINGS = NO;
				SWIFT_VERSION = 5.0;
				TARGETED_DEVICE_FAMILY = "1,2";
				TEST_HOST = "$(BUILT_PRODUCTS_DIR)/Lecture 4.app/Lecture 4";
			};
			name = Debug;
		};
		F3CFD61628EFB5CC0053B04A /* Release */ = {
			isa = XCBuildConfiguration;
			buildSettings = {
				ALWAYS_EMBED_SWIFT_STANDARD_LIBRARIES = YES;
				BUNDLE_LOADER = "$(TEST_HOST)";
				CODE_SIGN_STYLE = Automatic;
				CURRENT_PROJECT_VERSION = 1;
				GENERATE_INFOPLIST_FILE = YES;
				IPHONEOS_DEPLOYMENT_TARGET = 15.5;
				MARKETING_VERSION = 1.0;
				PRODUCT_BUNDLE_IDENTIFIER = "CubStart.Lecture-4Tests";
				PRODUCT_NAME = "$(TARGET_NAME)";
				SWIFT_EMIT_LOC_STRINGS = NO;
				SWIFT_VERSION = 5.0;
				TARGETED_DEVICE_FAMILY = "1,2";
				TEST_HOST = "$(BUILT_PRODUCTS_DIR)/Lecture 4.app/Lecture 4";
			};
			name = Release;
		};
		F3CFD61828EFB5CC0053B04A /* Debug */ = {
			isa = XCBuildConfiguration;
			buildSettings = {
				ALWAYS_EMBED_SWIFT_STANDARD_LIBRARIES = YES;
				CODE_SIGN_STYLE = Automatic;
				CURRENT_PROJECT_VERSION = 1;
				GENERATE_INFOPLIST_FILE = YES;
				MARKETING_VERSION = 1.0;
				PRODUCT_BUNDLE_IDENTIFIER = "CubStart.Lecture-4UITests";
				PRODUCT_NAME = "$(TARGET_NAME)";
				SWIFT_EMIT_LOC_STRINGS = NO;
				SWIFT_VERSION = 5.0;
				TARGETED_DEVICE_FAMILY = "1,2";
				TEST_TARGET_NAME = "Lecture 4";
			};
			name = Debug;
		};
		F3CFD61928EFB5CC0053B04A /* Release */ = {
			isa = XCBuildConfiguration;
			buildSettings = {
				ALWAYS_EMBED_SWIFT_STANDARD_LIBRARIES = YES;
				CODE_SIGN_STYLE = Automatic;
				CURRENT_PROJECT_VERSION = 1;
				GENERATE_INFOPLIST_FILE = YES;
				MARKETING_VERSION = 1.0;
				PRODUCT_BUNDLE_IDENTIFIER = "CubStart.Lecture-4UITests";
				PRODUCT_NAME = "$(TARGET_NAME)";
				SWIFT_EMIT_LOC_STRINGS = NO;
				SWIFT_VERSION = 5.0;
				TARGETED_DEVICE_FAMILY = "1,2";
				TEST_TARGET_NAME = "Lecture 4";
			};
			name = Release;
		};
/* End XCBuildConfiguration section */

/* Begin XCConfigurationList section */
		F3CFD5E828EFB5CC0053B04A /* Build configuration list for PBXProject "Lecture 4" */ = {
			isa = XCConfigurationList;
			buildConfigurations = (
				F3CFD60F28EFB5CC0053B04A /* Debug */,
				F3CFD61028EFB5CC0053B04A /* Release */,
			);
			defaultConfigurationIsVisible = 0;
			defaultConfigurationName = Release;
		};
		F3CFD61128EFB5CC0053B04A /* Build configuration list for PBXNativeTarget "Lecture 4" */ = {
			isa = XCConfigurationList;
			buildConfigurations = (
				F3CFD61228EFB5CC0053B04A /* Debug */,
				F3CFD61328EFB5CC0053B04A /* Release */,
			);
			defaultConfigurationIsVisible = 0;
			defaultConfigurationName = Release;
		};
		F3CFD61428EFB5CC0053B04A /* Build configuration list for PBXNativeTarget "Lecture 4Tests" */ = {
			isa = XCConfigurationList;
			buildConfigurations = (
				F3CFD61528EFB5CC0053B04A /* Debug */,
				F3CFD61628EFB5CC0053B04A /* Release */,
			);
			defaultConfigurationIsVisible = 0;
			defaultConfigurationName = Release;
		};
		F3CFD61728EFB5CC0053B04A /* Build configuration list for PBXNativeTarget "Lecture 4UITests" */ = {
			isa = XCConfigurationList;
			buildConfigurations = (
				F3CFD61828EFB5CC0053B04A /* Debug */,
				F3CFD61928EFB5CC0053B04A /* Release */,
			);
			defaultConfigurationIsVisible = 0;
			defaultConfigurationName = Release;
		};
/* End XCConfigurationList section */
	};
	rootObject = F3CFD5E528EFB5CC0053B04A /* Project object */;
}
