// !$*UTF8*$!
{
	archiveVersion = 1;
	classes = {
	};
	objectVersion = 55;
	objects = {

/* Begin PBXBuildFile section */
		F321D26128F8EEBF00FF5261 /* Lecture_5App.swift in Sources */ = {isa = PBXBuildFile; fileRef = F321D26028F8EEBF00FF5261 /* Lecture_5App.swift */; };
		F321D26328F8EEBF00FF5261 /* ContentView.swift in Sources */ = {isa = PBXBuildFile; fileRef = F321D26228F8EEBF00FF5261 /* ContentView.swift */; };
		F321D26528F8EEBF00FF5261 /* Assets.xcassets in Resources */ = {isa = PBXBuildFile; fileRef = F321D26428F8EEBF00FF5261 /* Assets.xcassets */; };
		F321D26828F8EEBF00FF5261 /* Preview Assets.xcassets in Resources */ = {isa = PBXBuildFile; fileRef = F321D26728F8EEBF00FF5261 /* Preview Assets.xcassets */; };
		F321D27228F8EEC000FF5261 /* Lecture_5Tests.swift in Sources */ = {isa = PBXBuildFile; fileRef = F321D27128F8EEC000FF5261 /* Lecture_5Tests.swift */; };
		F321D27C28F8EEC000FF5261 /* Lecture_5UITests.swift in Sources */ = {isa = PBXBuildFile; fileRef = F321D27B28F8EEC000FF5261 /* Lecture_5UITests.swift */; };
		F321D27E28F8EEC000FF5261 /* Lecture_5UITestsLaunchTests.swift in Sources */ = {isa = PBXBuildFile; fileRef = F321D27D28F8EEC000FF5261 /* Lecture_5UITestsLaunchTests.swift */; };
		F321D28B28F8F38500FF5261 /* CustomCells.swift in Sources */ = {isa = PBXBuildFile; fileRef = F321D28A28F8F38500FF5261 /* CustomCells.swift */; };
/* End PBXBuildFile section */

/* Begin PBXContainerItemProxy section */
		F321D26E28F8EEC000FF5261 /* PBXContainerItemProxy */ = {
			isa = PBXContainerItemProxy;
			containerPortal = F321D25528F8EEBF00FF5261 /* Project object */;
			proxyType = 1;
			remoteGlobalIDString = F321D25C28F8EEBF00FF5261;
			remoteInfo = "Lecture 5";
		};
		F321D27828F8EEC000FF5261 /* PBXContainerItemProxy */ = {
			isa = PBXContainerItemProxy;
			containerPortal = F321D25528F8EEBF00FF5261 /* Project object */;
			proxyType = 1;
			remoteGlobalIDString = F321D25C28F8EEBF00FF5261;
			remoteInfo = "Lecture 5";
		};
/* End PBXContainerItemProxy section */

/* Begin PBXFileReference section */
		F321D25D28F8EEBF00FF5261 /* Lecture 5.app */ = {isa = PBXFileReference; explicitFileType = wrapper.application; includeInIndex = 0; path = "Lecture 5.app"; sourceTree = BUILT_PRODUCTS_DIR; };
		F321D26028F8EEBF00FF5261 /* Lecture_5App.swift */ = {isa = PBXFileReference; lastKnownFileType = sourcecode.swift; path = Lecture_5App.swift; sourceTree = "<group>"; };
		F321D26228F8EEBF00FF5261 /* ContentView.swift */ = {isa = PBXFileReference; lastKnownFileType = sourcecode.swift; path = ContentView.swift; sourceTree = "<group>"; };
		F321D26428F8EEBF00FF5261 /* Assets.xcassets */ = {isa = PBXFileReference; lastKnownFileType = folder.assetcatalog; path = Assets.xcassets; sourceTree = "<group>"; };
		F321D26728F8EEBF00FF5261 /* Preview Assets.xcassets */ = {isa = PBXFileReference; lastKnownFileType = folder.assetcatalog; path = "Preview Assets.xcassets"; sourceTree = "<group>"; };
		F321D26D28F8EEC000FF5261 /* Lecture 5Tests.xctest */ = {isa = PBXFileReference; explicitFileType = wrapper.cfbundle; includeInIndex = 0; path = "Lecture 5Tests.xctest"; sourceTree = BUILT_PRODUCTS_DIR; };
		F321D27128F8EEC000FF5261 /* Lecture_5Tests.swift */ = {isa = PBXFileReference; lastKnownFileType = sourcecode.swift; path = Lecture_5Tests.swift; sourceTree = "<group>"; };
		F321D27728F8EEC000FF5261 /* Lecture 5UITests.xctest */ = {isa = PBXFileReference; explicitFileType = wrapper.cfbundle; includeInIndex = 0; path = "Lecture 5UITests.xctest"; sourceTree = BUILT_PRODUCTS_DIR; };
		F321D27B28F8EEC000FF5261 /* Lecture_5UITests.swift */ = {isa = PBXFileReference; lastKnownFileType = sourcecode.swift; path = Lecture_5UITests.swift; sourceTree = "<group>"; };
		F321D27D28F8EEC000FF5261 /* Lecture_5UITestsLaunchTests.swift */ = {isa = PBXFileReference; lastKnownFileType = sourcecode.swift; path = Lecture_5UITestsLaunchTests.swift; sourceTree = "<group>"; };
		F321D28A28F8F38500FF5261 /* CustomCells.swift */ = {isa = PBXFileReference; lastKnownFileType = sourcecode.swift; path = CustomCells.swift; sourceTree = "<group>"; };
/* End PBXFileReference section */

/* Begin PBXFrameworksBuildPhase section */
		F321D25A28F8EEBF00FF5261 /* Frameworks */ = {
			isa = PBXFrameworksBuildPhase;
			buildActionMask = 2147483647;
			files = (
			);
			runOnlyForDeploymentPostprocessing = 0;
		};
		F321D26A28F8EEC000FF5261 /* Frameworks */ = {
			isa = PBXFrameworksBuildPhase;
			buildActionMask = 2147483647;
			files = (
			);
			runOnlyForDeploymentPostprocessing = 0;
		};
		F321D27428F8EEC000FF5261 /* Frameworks */ = {
			isa = PBXFrameworksBuildPhase;
			buildActionMask = 2147483647;
			files = (
			);
			runOnlyForDeploymentPostprocessing = 0;
		};
/* End PBXFrameworksBuildPhase section */

/* Begin PBXGroup section */
		F321D25428F8EEBF00FF5261 = {
			isa = PBXGroup;
			children = (
				F321D25F28F8EEBF00FF5261 /* Lecture 5 */,
				F321D27028F8EEC000FF5261 /* Lecture 5Tests */,
				F321D27A28F8EEC000FF5261 /* Lecture 5UITests */,
				F321D25E28F8EEBF00FF5261 /* Products */,
			);
			sourceTree = "<group>";
		};
		F321D25E28F8EEBF00FF5261 /* Products */ = {
			isa = PBXGroup;
			children = (
				F321D25D28F8EEBF00FF5261 /* Lecture 5.app */,
				F321D26D28F8EEC000FF5261 /* Lecture 5Tests.xctest */,
				F321D27728F8EEC000FF5261 /* Lecture 5UITests.xctest */,
			);
			name = Products;
			sourceTree = "<group>";
		};
		F321D25F28F8EEBF00FF5261 /* Lecture 5 */ = {
			isa = PBXGroup;
			children = (
				F321D26028F8EEBF00FF5261 /* Lecture_5App.swift */,
				F321D26228F8EEBF00FF5261 /* ContentView.swift */,
				F321D28A28F8F38500FF5261 /* CustomCells.swift */,
				F321D26428F8EEBF00FF5261 /* Assets.xcassets */,
				F321D26628F8EEBF00FF5261 /* Preview Content */,
			);
			path = "Lecture 5";
			sourceTree = "<group>";
		};
		F321D26628F8EEBF00FF5261 /* Preview Content */ = {
			isa = PBXGroup;
			children = (
				F321D26728F8EEBF00FF5261 /* Preview Assets.xcassets */,
			);
			path = "Preview Content";
			sourceTree = "<group>";
		};
		F321D27028F8EEC000FF5261 /* Lecture 5Tests */ = {
			isa = PBXGroup;
			children = (
				F321D27128F8EEC000FF5261 /* Lecture_5Tests.swift */,
			);
			path = "Lecture 5Tests";
			sourceTree = "<group>";
		};
		F321D27A28F8EEC000FF5261 /* Lecture 5UITests */ = {
			isa = PBXGroup;
			children = (
				F321D27B28F8EEC000FF5261 /* Lecture_5UITests.swift */,
				F321D27D28F8EEC000FF5261 /* Lecture_5UITestsLaunchTests.swift */,
			);
			path = "Lecture 5UITests";
			sourceTree = "<group>";
		};
/* End PBXGroup section */

/* Begin PBXNativeTarget section */
		F321D25C28F8EEBF00FF5261 /* Lecture 5 */ = {
			isa = PBXNativeTarget;
			buildConfigurationList = F321D28128F8EEC000FF5261 /* Build configuration list for PBXNativeTarget "Lecture 5" */;
			buildPhases = (
				F321D25928F8EEBF00FF5261 /* Sources */,
				F321D25A28F8EEBF00FF5261 /* Frameworks */,
				F321D25B28F8EEBF00FF5261 /* Resources */,
			);
			buildRules = (
			);
			dependencies = (
			);
			name = "Lecture 5";
			productName = "Lecture 5";
			productReference = F321D25D28F8EEBF00FF5261 /* Lecture 5.app */;
			productType = "com.apple.product-type.application";
		};
		F321D26C28F8EEC000FF5261 /* Lecture 5Tests */ = {
			isa = PBXNativeTarget;
			buildConfigurationList = F321D28428F8EEC000FF5261 /* Build configuration list for PBXNativeTarget "Lecture 5Tests" */;
			buildPhases = (
				F321D26928F8EEC000FF5261 /* Sources */,
				F321D26A28F8EEC000FF5261 /* Frameworks */,
				F321D26B28F8EEC000FF5261 /* Resources */,
			);
			buildRules = (
			);
			dependencies = (
				F321D26F28F8EEC000FF5261 /* PBXTargetDependency */,
			);
			name = "Lecture 5Tests";
			productName = "Lecture 5Tests";
			productReference = F321D26D28F8EEC000FF5261 /* Lecture 5Tests.xctest */;
			productType = "com.apple.product-type.bundle.unit-test";
		};
		F321D27628F8EEC000FF5261 /* Lecture 5UITests */ = {
			isa = PBXNativeTarget;
			buildConfigurationList = F321D28728F8EEC000FF5261 /* Build configuration list for PBXNativeTarget "Lecture 5UITests" */;
			buildPhases = (
				F321D27328F8EEC000FF5261 /* Sources */,
				F321D27428F8EEC000FF5261 /* Frameworks */,
				F321D27528F8EEC000FF5261 /* Resources */,
			);
			buildRules = (
			);
			dependencies = (
				F321D27928F8EEC000FF5261 /* PBXTargetDependency */,
			);
			name = "Lecture 5UITests";
			productName = "Lecture 5UITests";
			productReference = F321D27728F8EEC000FF5261 /* Lecture 5UITests.xctest */;
			productType = "com.apple.product-type.bundle.ui-testing";
		};
/* End PBXNativeTarget section */

/* Begin PBXProject section */
		F321D25528F8EEBF00FF5261 /* Project object */ = {
			isa = PBXProject;
			attributes = {
				BuildIndependentTargetsInParallel = 1;
				LastSwiftUpdateCheck = 1340;
				LastUpgradeCheck = 1340;
				TargetAttributes = {
					F321D25C28F8EEBF00FF5261 = {
						CreatedOnToolsVersion = 13.4.1;
					};
					F321D26C28F8EEC000FF5261 = {
						CreatedOnToolsVersion = 13.4.1;
						TestTargetID = F321D25C28F8EEBF00FF5261;
					};
					F321D27628F8EEC000FF5261 = {
						CreatedOnToolsVersion = 13.4.1;
						TestTargetID = F321D25C28F8EEBF00FF5261;
					};
				};
			};
			buildConfigurationList = F321D25828F8EEBF00FF5261 /* Build configuration list for PBXProject "Lecture 5" */;
			compatibilityVersion = "Xcode 13.0";
			developmentRegion = en;
			hasScannedForEncodings = 0;
			knownRegions = (
				en,
				Base,
			);
			mainGroup = F321D25428F8EEBF00FF5261;
			productRefGroup = F321D25E28F8EEBF00FF5261 /* Products */;
			projectDirPath = "";
			projectRoot = "";
			targets = (
				F321D25C28F8EEBF00FF5261 /* Lecture 5 */,
				F321D26C28F8EEC000FF5261 /* Lecture 5Tests */,
				F321D27628F8EEC000FF5261 /* Lecture 5UITests */,
			);
		};
/* End PBXProject section */

/* Begin PBXResourcesBuildPhase section */
		F321D25B28F8EEBF00FF5261 /* Resources */ = {
			isa = PBXResourcesBuildPhase;
			buildActionMask = 2147483647;
			files = (
				F321D26828F8EEBF00FF5261 /* Preview Assets.xcassets in Resources */,
				F321D26528F8EEBF00FF5261 /* Assets.xcassets in Resources */,
			);
			runOnlyForDeploymentPostprocessing = 0;
		};
		F321D26B28F8EEC000FF5261 /* Resources */ = {
			isa = PBXResourcesBuildPhase;
			buildActionMask = 2147483647;
			files = (
			);
			runOnlyForDeploymentPostprocessing = 0;
		};
		F321D27528F8EEC000FF5261 /* Resources */ = {
			isa = PBXResourcesBuildPhase;
			buildActionMask = 2147483647;
			files = (
			);
			runOnlyForDeploymentPostprocessing = 0;
		};
/* End PBXResourcesBuildPhase section */

/* Begin PBXSourcesBuildPhase section */
		F321D25928F8EEBF00FF5261 /* Sources */ = {
			isa = PBXSourcesBuildPhase;
			buildActionMask = 2147483647;
			files = (
				F321D26328F8EEBF00FF5261 /* ContentView.swift in Sources */,
				F321D28B28F8F38500FF5261 /* CustomCells.swift in Sources */,
				F321D26128F8EEBF00FF5261 /* Lecture_5App.swift in Sources */,
			);
			runOnlyForDeploymentPostprocessing = 0;
		};
		F321D26928F8EEC000FF5261 /* Sources */ = {
			isa = PBXSourcesBuildPhase;
			buildActionMask = 2147483647;
			files = (
				F321D27228F8EEC000FF5261 /* Lecture_5Tests.swift in Sources */,
			);
			runOnlyForDeploymentPostprocessing = 0;
		};
		F321D27328F8EEC000FF5261 /* Sources */ = {
			isa = PBXSourcesBuildPhase;
			buildActionMask = 2147483647;
			files = (
				F321D27C28F8EEC000FF5261 /* Lecture_5UITests.swift in Sources */,
				F321D27E28F8EEC000FF5261 /* Lecture_5UITestsLaunchTests.swift in Sources */,
			);
			runOnlyForDeploymentPostprocessing = 0;
		};
/* End PBXSourcesBuildPhase section */

/* Begin PBXTargetDependency section */
		F321D26F28F8EEC000FF5261 /* PBXTargetDependency */ = {
			isa = PBXTargetDependency;
			target = F321D25C28F8EEBF00FF5261 /* Lecture 5 */;
			targetProxy = F321D26E28F8EEC000FF5261 /* PBXContainerItemProxy */;
		};
		F321D27928F8EEC000FF5261 /* PBXTargetDependency */ = {
			isa = PBXTargetDependency;
			target = F321D25C28F8EEBF00FF5261 /* Lecture 5 */;
			targetProxy = F321D27828F8EEC000FF5261 /* PBXContainerItemProxy */;
		};
/* End PBXTargetDependency section */

/* Begin XCBuildConfiguration section */
		F321D27F28F8EEC000FF5261 /* Debug */ = {
			isa = XCBuildConfiguration;
			buildSettings = {
				ALWAYS_SEARCH_USER_PATHS = NO;
				CLANG_ANALYZER_NONNULL = YES;
				CLANG_ANALYZER_NUMBER_OBJECT_CONVERSION = YES_AGGRESSIVE;
				CLANG_CXX_LANGUAGE_STANDARD = "gnu++17";
				CLANG_ENABLE_MODULES = YES;
				CLANG_ENABLE_OBJC_ARC = YES;
				CLANG_ENABLE_OBJC_WEAK = YES;
				CLANG_WARN_BLOCK_CAPTURE_AUTORELEASING = YES;
				CLANG_WARN_BOOL_CONVERSION = YES;
				CLANG_WARN_COMMA = YES;
				CLANG_WARN_CONSTANT_CONVERSION = YES;
				CLANG_WARN_DEPRECATED_OBJC_IMPLEMENTATIONS = YES;
				CLANG_WARN_DIRECT_OBJC_ISA_USAGE = YES_ERROR;
				CLANG_WARN_DOCUMENTATION_COMMENTS = YES;
				CLANG_WARN_EMPTY_BODY = YES;
				CLANG_WARN_ENUM_CONVERSION = YES;
				CLANG_WARN_INFINITE_RECURSION = YES;
				CLANG_WARN_INT_CONVERSION = YES;
				CLANG_WARN_NON_LITERAL_NULL_CONVERSION = YES;
				CLANG_WARN_OBJC_IMPLICIT_RETAIN_SELF = YES;
				CLANG_WARN_OBJC_LITERAL_CONVERSION = YES;
				CLANG_WARN_OBJC_ROOT_CLASS = YES_ERROR;
				CLANG_WARN_QUOTED_INCLUDE_IN_FRAMEWORK_HEADER = YES;
				CLANG_WARN_RANGE_LOOP_ANALYSIS = YES;
				CLANG_WARN_STRICT_PROTOTYPES = YES;
				CLANG_WARN_SUSPICIOUS_MOVE = YES;
				CLANG_WARN_UNGUARDED_AVAILABILITY = YES_AGGRESSIVE;
				CLANG_WARN_UNREACHABLE_CODE = YES;
				CLANG_WARN__DUPLICATE_METHOD_MATCH = YES;
				COPY_PHASE_STRIP = NO;
				DEBUG_INFORMATION_FORMAT = dwarf;
				ENABLE_STRICT_OBJC_MSGSEND = YES;
				ENABLE_TESTABILITY = YES;
				GCC_C_LANGUAGE_STANDARD = gnu11;
				GCC_DYNAMIC_NO_PIC = NO;
				GCC_NO_COMMON_BLOCKS = YES;
				GCC_OPTIMIZATION_LEVEL = 0;
				GCC_PREPROCESSOR_DEFINITIONS = (
					"DEBUG=1",
					"$(inherited)",
				);
				GCC_WARN_64_TO_32_BIT_CONVERSION = YES;
				GCC_WARN_ABOUT_RETURN_TYPE = YES_ERROR;
				GCC_WARN_UNDECLARED_SELECTOR = YES;
				GCC_WARN_UNINITIALIZED_AUTOS = YES_AGGRESSIVE;
				GCC_WARN_UNUSED_FUNCTION = YES;
				GCC_WARN_UNUSED_VARIABLE = YES;
				IPHONEOS_DEPLOYMENT_TARGET = 15.5;
				MTL_ENABLE_DEBUG_INFO = INCLUDE_SOURCE;
				MTL_FAST_MATH = YES;
				ONLY_ACTIVE_ARCH = YES;
				SDKROOT = iphoneos;
				SWIFT_ACTIVE_COMPILATION_CONDITIONS = DEBUG;
				SWIFT_OPTIMIZATION_LEVEL = "-Onone";
			};
			name = Debug;
		};
		F321D28028F8EEC000FF5261 /* Release */ = {
			isa = XCBuildConfiguration;
			buildSettings = {
				ALWAYS_SEARCH_USER_PATHS = NO;
				CLANG_ANALYZER_NONNULL = YES;
				CLANG_ANALYZER_NUMBER_OBJECT_CONVERSION = YES_AGGRESSIVE;
				CLANG_CXX_LANGUAGE_STANDARD = "gnu++17";
				CLANG_ENABLE_MODULES = YES;
				CLANG_ENABLE_OBJC_ARC = YES;
				CLANG_ENABLE_OBJC_WEAK = YES;
				CLANG_WARN_BLOCK_CAPTURE_AUTORELEASING = YES;
				CLANG_WARN_BOOL_CONVERSION = YES;
				CLANG_WARN_COMMA = YES;
				CLANG_WARN_CONSTANT_CONVERSION = YES;
				CLANG_WARN_DEPRECATED_OBJC_IMPLEMENTATIONS = YES;
				CLANG_WARN_DIRECT_OBJC_ISA_USAGE = YES_ERROR;
				CLANG_WARN_DOCUMENTATION_COMMENTS = YES;
				CLANG_WARN_EMPTY_BODY = YES;
				CLANG_WARN_ENUM_CONVERSION = YES;
				CLANG_WARN_INFINITE_RECURSION = YES;
				CLANG_WARN_INT_CONVERSION = YES;
				CLANG_WARN_NON_LITERAL_NULL_CONVERSION = YES;
				CLANG_WARN_OBJC_IMPLICIT_RETAIN_SELF = YES;
				CLANG_WARN_OBJC_LITERAL_CONVERSION = YES;
				CLANG_WARN_OBJC_ROOT_CLASS = YES_ERROR;
				CLANG_WARN_QUOTED_INCLUDE_IN_FRAMEWORK_HEADER = YES;
				CLANG_WARN_RANGE_LOOP_ANALYSIS = YES;
				CLANG_WARN_STRICT_PROTOTYPES = YES;
				CLANG_WARN_SUSPICIOUS_MOVE = YES;
				CLANG_WARN_UNGUARDED_AVAILABILITY = YES_AGGRESSIVE;
				CLANG_WARN_UNREACHABLE_CODE = YES;
				CLANG_WARN__DUPLICATE_METHOD_MATCH = YES;
				COPY_PHASE_STRIP = NO;
				DEBUG_INFORMATION_FORMAT = "dwarf-with-dsym";
				ENABLE_NS_ASSERTIONS = NO;
				ENABLE_STRICT_OBJC_MSGSEND = YES;
				GCC_C_LANGUAGE_STANDARD = gnu11;
				GCC_NO_COMMON_BLOCKS = YES;
				GCC_WARN_64_TO_32_BIT_CONVERSION = YES;
				GCC_WARN_ABOUT_RETURN_TYPE = YES_ERROR;
				GCC_WARN_UNDECLARED_SELECTOR = YES;
				GCC_WARN_UNINITIALIZED_AUTOS = YES_AGGRESSIVE;
				GCC_WARN_UNUSED_FUNCTION = YES;
				GCC_WARN_UNUSED_VARIABLE = YES;
				IPHONEOS_DEPLOYMENT_TARGET = 15.5;
				MTL_ENABLE_DEBUG_INFO = NO;
				MTL_FAST_MATH = YES;
				SDKROOT = iphoneos;
				SWIFT_COMPILATION_MODE = wholemodule;
				SWIFT_OPTIMIZATION_LEVEL = "-O";
				VALIDATE_PRODUCT = YES;
			};
			name = Release;
		};
		F321D28228F8EEC000FF5261 /* Debug */ = {
			isa = XCBuildConfiguration;
			buildSettings = {
				ASSETCATALOG_COMPILER_APPICON_NAME = AppIcon;
				ASSETCATALOG_COMPILER_GLOBAL_ACCENT_COLOR_NAME = AccentColor;
				CODE_SIGN_STYLE = Automatic;
				CURRENT_PROJECT_VERSION = 1;
				DEVELOPMENT_ASSET_PATHS = "\"Lecture 5/Preview Content\"";
				ENABLE_PREVIEWS = YES;
				GENERATE_INFOPLIST_FILE = YES;
				INFOPLIST_KEY_UIApplicationSceneManifest_Generation = YES;
				INFOPLIST_KEY_UIApplicationSupportsIndirectInputEvents = YES;
				INFOPLIST_KEY_UILaunchScreen_Generation = YES;
				INFOPLIST_KEY_UISupportedInterfaceOrientations_iPad = "UIInterfaceOrientationPortrait UIInterfaceOrientationPortraitUpsideDown UIInterfaceOrientationLandscapeLeft UIInterfaceOrientationLandscapeRight";
				INFOPLIST_KEY_UISupportedInterfaceOrientations_iPhone = "UIInterfaceOrientationPortrait UIInterfaceOrientationLandscapeLeft UIInterfaceOrientationLandscapeRight";
				LD_RUNPATH_SEARCH_PATHS = (
					"$(inherited)",
					"@executable_path/Frameworks",
				);
				MARKETING_VERSION = 1.0;
				PRODUCT_BUNDLE_IDENTIFIER = "CubStart.Lecture-5";
				PRODUCT_NAME = "$(TARGET_NAME)";
				SWIFT_EMIT_LOC_STRINGS = YES;
				SWIFT_VERSION = 5.0;
				TARGETED_DEVICE_FAMILY = "1,2";
			};
			name = Debug;
		};
		F321D28328F8EEC000FF5261 /* Release */ = {
			isa = XCBuildConfiguration;
			buildSettings = {
				ASSETCATALOG_COMPILER_APPICON_NAME = AppIcon;
				ASSETCATALOG_COMPILER_GLOBAL_ACCENT_COLOR_NAME = AccentColor;
				CODE_SIGN_STYLE = Automatic;
				CURRENT_PROJECT_VERSION = 1;
				DEVELOPMENT_ASSET_PATHS = "\"Lecture 5/Preview Content\"";
				ENABLE_PREVIEWS = YES;
				GENERATE_INFOPLIST_FILE = YES;
				INFOPLIST_KEY_UIApplicationSceneManifest_Generation = YES;
				INFOPLIST_KEY_UIApplicationSupportsIndirectInputEvents = YES;
				INFOPLIST_KEY_UILaunchScreen_Generation = YES;
				INFOPLIST_KEY_UISupportedInterfaceOrientations_iPad = "UIInterfaceOrientationPortrait UIInterfaceOrientationPortraitUpsideDown UIInterfaceOrientationLandscapeLeft UIInterfaceOrientationLandscapeRight";
				INFOPLIST_KEY_UISupportedInterfaceOrientations_iPhone = "UIInterfaceOrientationPortrait UIInterfaceOrientationLandscapeLeft UIInterfaceOrientationLandscapeRight";
				LD_RUNPATH_SEARCH_PATHS = (
					"$(inherited)",
					"@executable_path/Frameworks",
				);
				MARKETING_VERSION = 1.0;
				PRODUCT_BUNDLE_IDENTIFIER = "CubStart.Lecture-5";
				PRODUCT_NAME = "$(TARGET_NAME)";
				SWIFT_EMIT_LOC_STRINGS = YES;
				SWIFT_VERSION = 5.0;
				TARGETED_DEVICE_FAMILY = "1,2";
			};
			name = Release;
		};
		F321D28528F8EEC000FF5261 /* Debug */ = {
			isa = XCBuildConfiguration;
			buildSettings = {
				ALWAYS_EMBED_SWIFT_STANDARD_LIBRARIES = YES;
				BUNDLE_LOADER = "$(TEST_HOST)";
				CODE_SIGN_STYLE = Automatic;
				CURRENT_PROJECT_VERSION = 1;
				GENERATE_INFOPLIST_FILE = YES;
				IPHONEOS_DEPLOYMENT_TARGET = 15.5;
				MARKETING_VERSION = 1.0;
				PRODUCT_BUNDLE_IDENTIFIER = "CubStart.Lecture-5Tests";
				PRODUCT_NAME = "$(TARGET_NAME)";
				SWIFT_EMIT_LOC_STRINGS = NO;
				SWIFT_VERSION = 5.0;
				TARGETED_DEVICE_FAMILY = "1,2";
				TEST_HOST = "$(BUILT_PRODUCTS_DIR)/Lecture 5.app/Lecture 5";
			};
			name = Debug;
		};
		F321D28628F8EEC000FF5261 /* Release */ = {
			isa = XCBuildConfiguration;
			buildSettings = {
				ALWAYS_EMBED_SWIFT_STANDARD_LIBRARIES = YES;
				BUNDLE_LOADER = "$(TEST_HOST)";
				CODE_SIGN_STYLE = Automatic;
				CURRENT_PROJECT_VERSION = 1;
				GENERATE_INFOPLIST_FILE = YES;
				IPHONEOS_DEPLOYMENT_TARGET = 15.5;
				MARKETING_VERSION = 1.0;
				PRODUCT_BUNDLE_IDENTIFIER = "CubStart.Lecture-5Tests";
				PRODUCT_NAME = "$(TARGET_NAME)";
				SWIFT_EMIT_LOC_STRINGS = NO;
				SWIFT_VERSION = 5.0;
				TARGETED_DEVICE_FAMILY = "1,2";
				TEST_HOST = "$(BUILT_PRODUCTS_DIR)/Lecture 5.app/Lecture 5";
			};
			name = Release;
		};
		F321D28828F8EEC000FF5261 /* Debug */ = {
			isa = XCBuildConfiguration;
			buildSettings = {
				ALWAYS_EMBED_SWIFT_STANDARD_LIBRARIES = YES;
				CODE_SIGN_STYLE = Automatic;
				CURRENT_PROJECT_VERSION = 1;
				GENERATE_INFOPLIST_FILE = YES;
				MARKETING_VERSION = 1.0;
				PRODUCT_BUNDLE_IDENTIFIER = "CubStart.Lecture-5UITests";
				PRODUCT_NAME = "$(TARGET_NAME)";
				SWIFT_EMIT_LOC_STRINGS = NO;
				SWIFT_VERSION = 5.0;
				TARGETED_DEVICE_FAMILY = "1,2";
				TEST_TARGET_NAME = "Lecture 5";
			};
			name = Debug;
		};
		F321D28928F8EEC000FF5261 /* Release */ = {
			isa = XCBuildConfiguration;
			buildSettings = {
				ALWAYS_EMBED_SWIFT_STANDARD_LIBRARIES = YES;
				CODE_SIGN_STYLE = Automatic;
				CURRENT_PROJECT_VERSION = 1;
				GENERATE_INFOPLIST_FILE = YES;
				MARKETING_VERSION = 1.0;
				PRODUCT_BUNDLE_IDENTIFIER = "CubStart.Lecture-5UITests";
				PRODUCT_NAME = "$(TARGET_NAME)";
				SWIFT_EMIT_LOC_STRINGS = NO;
				SWIFT_VERSION = 5.0;
				TARGETED_DEVICE_FAMILY = "1,2";
				TEST_TARGET_NAME = "Lecture 5";
			};
			name = Release;
		};
/* End XCBuildConfiguration section */

/* Begin XCConfigurationList section */
		F321D25828F8EEBF00FF5261 /* Build configuration list for PBXProject "Lecture 5" */ = {
			isa = XCConfigurationList;
			buildConfigurations = (
				F321D27F28F8EEC000FF5261 /* Debug */,
				F321D28028F8EEC000FF5261 /* Release */,
			);
			defaultConfigurationIsVisible = 0;
			defaultConfigurationName = Release;
		};
		F321D28128F8EEC000FF5261 /* Build configuration list for PBXNativeTarget "Lecture 5" */ = {
			isa = XCConfigurationList;
			buildConfigurations = (
				F321D28228F8EEC000FF5261 /* Debug */,
				F321D28328F8EEC000FF5261 /* Release */,
			);
			defaultConfigurationIsVisible = 0;
			defaultConfigurationName = Release;
		};
		F321D28428F8EEC000FF5261 /* Build configuration list for PBXNativeTarget "Lecture 5Tests" */ = {
			isa = XCConfigurationList;
			buildConfigurations = (
				F321D28528F8EEC000FF5261 /* Debug */,
				F321D28628F8EEC000FF5261 /* Release */,
			);
			defaultConfigurationIsVisible = 0;
			defaultConfigurationName = Release;
		};
		F321D28728F8EEC000FF5261 /* Build configuration list for PBXNativeTarget "Lecture 5UITests" */ = {
			isa = XCConfigurationList;
			buildConfigurations = (
				F321D28828F8EEC000FF5261 /* Debug */,
				F321D28928F8EEC000FF5261 /* Release */,
			);
			defaultConfigurationIsVisible = 0;
			defaultConfigurationName = Release;
		};
/* End XCConfigurationList section */
	};
	rootObject = F321D25528F8EEBF00FF5261 /* Project object */;
}
