// !$*UTF8*$!
{
	archiveVersion = 1;
	classes = {
	};
	objectVersion = 55;
	objects = {

/* Begin PBXBuildFile section */
		F36C562728E6800C00B524BB /* Lecture_3_1App.swift in Sources */ = {isa = PBXBuildFile; fileRef = F36C562628E6800C00B524BB /* Lecture_3_1App.swift */; };
		F36C562928E6800C00B524BB /* ContentView.swift in Sources */ = {isa = PBXBuildFile; fileRef = F36C562828E6800C00B524BB /* ContentView.swift */; };
		F36C562B28E6800D00B524BB /* Assets.xcassets in Resources */ = {isa = PBXBuildFile; fileRef = F36C562A28E6800D00B524BB /* Assets.xcassets */; };
		F36C562E28E6800D00B524BB /* Preview Assets.xcassets in Resources */ = {isa = PBXBuildFile; fileRef = F36C562D28E6800D00B524BB /* Preview Assets.xcassets */; };
		F36C563828E6800D00B524BB /* Lecture_3_1Tests.swift in Sources */ = {isa = PBXBuildFile; fileRef = F36C563728E6800D00B524BB /* Lecture_3_1Tests.swift */; };
		F36C564228E6800D00B524BB /* Lecture_3_1UITests.swift in Sources */ = {isa = PBXBuildFile; fileRef = F36C564128E6800D00B524BB /* Lecture_3_1UITests.swift */; };
		F36C564428E6800D00B524BB /* Lecture_3_1UITestsLaunchTests.swift in Sources */ = {isa = PBXBuildFile; fileRef = F36C564328E6800D00B524BB /* Lecture_3_1UITestsLaunchTests.swift */; };
/* End PBXBuildFile section */

/* Begin PBXContainerItemProxy section */
		F36C563428E6800D00B524BB /* PBXContainerItemProxy */ = {
			isa = PBXContainerItemProxy;
			containerPortal = F36C561B28E6800C00B524BB /* Project object */;
			proxyType = 1;
			remoteGlobalIDString = F36C562228E6800C00B524BB;
			remoteInfo = "Lecture 3 1";
		};
		F36C563E28E6800D00B524BB /* PBXContainerItemProxy */ = {
			isa = PBXContainerItemProxy;
			containerPortal = F36C561B28E6800C00B524BB /* Project object */;
			proxyType = 1;
			remoteGlobalIDString = F36C562228E6800C00B524BB;
			remoteInfo = "Lecture 3 1";
		};
/* End PBXContainerItemProxy section */

/* Begin PBXFileReference section */
		F36C562328E6800C00B524BB /* Lecture 3 1.app */ = {isa = PBXFileReference; explicitFileType = wrapper.application; includeInIndex = 0; path = "Lecture 3 1.app"; sourceTree = BUILT_PRODUCTS_DIR; };
		F36C562628E6800C00B524BB /* Lecture_3_1App.swift */ = {isa = PBXFileReference; lastKnownFileType = sourcecode.swift; path = Lecture_3_1App.swift; sourceTree = "<group>"; };
		F36C562828E6800C00B524BB /* ContentView.swift */ = {isa = PBXFileReference; lastKnownFileType = sourcecode.swift; path = ContentView.swift; sourceTree = "<group>"; };
		F36C562A28E6800D00B524BB /* Assets.xcassets */ = {isa = PBXFileReference; lastKnownFileType = folder.assetcatalog; path = Assets.xcassets; sourceTree = "<group>"; };
		F36C562D28E6800D00B524BB /* Preview Assets.xcassets */ = {isa = PBXFileReference; lastKnownFileType = folder.assetcatalog; path = "Preview Assets.xcassets"; sourceTree = "<group>"; };
		F36C563328E6800D00B524BB /* Lecture 3 1Tests.xctest */ = {isa = PBXFileReference; explicitFileType = wrapper.cfbundle; includeInIndex = 0; path = "Lecture 3 1Tests.xctest"; sourceTree = BUILT_PRODUCTS_DIR; };
		F36C563728E6800D00B524BB /* Lecture_3_1Tests.swift */ = {isa = PBXFileReference; lastKnownFileType = sourcecode.swift; path = Lecture_3_1Tests.swift; sourceTree = "<group>"; };
		F36C563D28E6800D00B524BB /* Lecture 3 1UITests.xctest */ = {isa = PBXFileReference; explicitFileType = wrapper.cfbundle; includeInIndex = 0; path = "Lecture 3 1UITests.xctest"; sourceTree = BUILT_PRODUCTS_DIR; };
		F36C564128E6800D00B524BB /* Lecture_3_1UITests.swift */ = {isa = PBXFileReference; lastKnownFileType = sourcecode.swift; path = Lecture_3_1UITests.swift; sourceTree = "<group>"; };
		F36C564328E6800D00B524BB /* Lecture_3_1UITestsLaunchTests.swift */ = {isa = PBXFileReference; lastKnownFileType = sourcecode.swift; path = Lecture_3_1UITestsLaunchTests.swift; sourceTree = "<group>"; };
/* End PBXFileReference section */

/* Begin PBXFrameworksBuildPhase section */
		F36C562028E6800C00B524BB /* Frameworks */ = {
			isa = PBXFrameworksBuildPhase;
			buildActionMask = 2147483647;
			files = (
			);
			runOnlyForDeploymentPostprocessing = 0;
		};
		F36C563028E6800D00B524BB /* Frameworks */ = {
			isa = PBXFrameworksBuildPhase;
			buildActionMask = 2147483647;
			files = (
			);
			runOnlyForDeploymentPostprocessing = 0;
		};
		F36C563A28E6800D00B524BB /* Frameworks */ = {
			isa = PBXFrameworksBuildPhase;
			buildActionMask = 2147483647;
			files = (
			);
			runOnlyForDeploymentPostprocessing = 0;
		};
/* End PBXFrameworksBuildPhase section */

/* Begin PBXGroup section */
		F36C561A28E6800C00B524BB = {
			isa = PBXGroup;
			children = (
				F36C562528E6800C00B524BB /* Lecture 3 1 */,
				F36C563628E6800D00B524BB /* Lecture 3 1Tests */,
				F36C564028E6800D00B524BB /* Lecture 3 1UITests */,
				F36C562428E6800C00B524BB /* Products */,
			);
			sourceTree = "<group>";
		};
		F36C562428E6800C00B524BB /* Products */ = {
			isa = PBXGroup;
			children = (
				F36C562328E6800C00B524BB /* Lecture 3 1.app */,
				F36C563328E6800D00B524BB /* Lecture 3 1Tests.xctest */,
				F36C563D28E6800D00B524BB /* Lecture 3 1UITests.xctest */,
			);
			name = Products;
			sourceTree = "<group>";
		};
		F36C562528E6800C00B524BB /* Lecture 3 1 */ = {
			isa = PBXGroup;
			children = (
				F36C562628E6800C00B524BB /* Lecture_3_1App.swift */,
				F36C562828E6800C00B524BB /* ContentView.swift */,
				F36C562A28E6800D00B524BB /* Assets.xcassets */,
				F36C562C28E6800D00B524BB /* Preview Content */,
			);
			path = "Lecture 3 1";
			sourceTree = "<group>";
		};
		F36C562C28E6800D00B524BB /* Preview Content */ = {
			isa = PBXGroup;
			children = (
				F36C562D28E6800D00B524BB /* Preview Assets.xcassets */,
			);
			path = "Preview Content";
			sourceTree = "<group>";
		};
		F36C563628E6800D00B524BB /* Lecture 3 1Tests */ = {
			isa = PBXGroup;
			children = (
				F36C563728E6800D00B524BB /* Lecture_3_1Tests.swift */,
			);
			path = "Lecture 3 1Tests";
			sourceTree = "<group>";
		};
		F36C564028E6800D00B524BB /* Lecture 3 1UITests */ = {
			isa = PBXGroup;
			children = (
				F36C564128E6800D00B524BB /* Lecture_3_1UITests.swift */,
				F36C564328E6800D00B524BB /* Lecture_3_1UITestsLaunchTests.swift */,
			);
			path = "Lecture 3 1UITests";
			sourceTree = "<group>";
		};
/* End PBXGroup section */

/* Begin PBXNativeTarget section */
		F36C562228E6800C00B524BB /* Lecture 3 1 */ = {
			isa = PBXNativeTarget;
			buildConfigurationList = F36C564728E6800D00B524BB /* Build configuration list for PBXNativeTarget "Lecture 3 1" */;
			buildPhases = (
				F36C561F28E6800C00B524BB /* Sources */,
				F36C562028E6800C00B524BB /* Frameworks */,
				F36C562128E6800C00B524BB /* Resources */,
			);
			buildRules = (
			);
			dependencies = (
			);
			name = "Lecture 3 1";
			productName = "Lecture 3 1";
			productReference = F36C562328E6800C00B524BB /* Lecture 3 1.app */;
			productType = "com.apple.product-type.application";
		};
		F36C563228E6800D00B524BB /* Lecture 3 1Tests */ = {
			isa = PBXNativeTarget;
			buildConfigurationList = F36C564A28E6800D00B524BB /* Build configuration list for PBXNativeTarget "Lecture 3 1Tests" */;
			buildPhases = (
				F36C562F28E6800D00B524BB /* Sources */,
				F36C563028E6800D00B524BB /* Frameworks */,
				F36C563128E6800D00B524BB /* Resources */,
			);
			buildRules = (
			);
			dependencies = (
				F36C563528E6800D00B524BB /* PBXTargetDependency */,
			);
			name = "Lecture 3 1Tests";
			productName = "Lecture 3 1Tests";
			productReference = F36C563328E6800D00B524BB /* Lecture 3 1Tests.xctest */;
			productType = "com.apple.product-type.bundle.unit-test";
		};
		F36C563C28E6800D00B524BB /* Lecture 3 1UITests */ = {
			isa = PBXNativeTarget;
			buildConfigurationList = F36C564D28E6800D00B524BB /* Build configuration list for PBXNativeTarget "Lecture 3 1UITests" */;
			buildPhases = (
				F36C563928E6800D00B524BB /* Sources */,
				F36C563A28E6800D00B524BB /* Frameworks */,
				F36C563B28E6800D00B524BB /* Resources */,
			);
			buildRules = (
			);
			dependencies = (
				F36C563F28E6800D00B524BB /* PBXTargetDependency */,
			);
			name = "Lecture 3 1UITests";
			productName = "Lecture 3 1UITests";
			productReference = F36C563D28E6800D00B524BB /* Lecture 3 1UITests.xctest */;
			productType = "com.apple.product-type.bundle.ui-testing";
		};
/* End PBXNativeTarget section */

/* Begin PBXProject section */
		F36C561B28E6800C00B524BB /* Project object */ = {
			isa = PBXProject;
			attributes = {
				BuildIndependentTargetsInParallel = 1;
				LastSwiftUpdateCheck = 1340;
				LastUpgradeCheck = 1340;
				TargetAttributes = {
					F36C562228E6800C00B524BB = {
						CreatedOnToolsVersion = 13.4.1;
					};
					F36C563228E6800D00B524BB = {
						CreatedOnToolsVersion = 13.4.1;
						TestTargetID = F36C562228E6800C00B524BB;
					};
					F36C563C28E6800D00B524BB = {
						CreatedOnToolsVersion = 13.4.1;
						TestTargetID = F36C562228E6800C00B524BB;
					};
				};
			};
			buildConfigurationList = F36C561E28E6800C00B524BB /* Build configuration list for PBXProject "Lecture 3 1" */;
			compatibilityVersion = "Xcode 13.0";
			developmentRegion = en;
			hasScannedForEncodings = 0;
			knownRegions = (
				en,
				Base,
			);
			mainGroup = F36C561A28E6800C00B524BB;
			productRefGroup = F36C562428E6800C00B524BB /* Products */;
			projectDirPath = "";
			projectRoot = "";
			targets = (
				F36C562228E6800C00B524BB /* Lecture 3 1 */,
				F36C563228E6800D00B524BB /* Lecture 3 1Tests */,
				F36C563C28E6800D00B524BB /* Lecture 3 1UITests */,
			);
		};
/* End PBXProject section */

/* Begin PBXResourcesBuildPhase section */
		F36C562128E6800C00B524BB /* Resources */ = {
			isa = PBXResourcesBuildPhase;
			buildActionMask = 2147483647;
			files = (
				F36C562E28E6800D00B524BB /* Preview Assets.xcassets in Resources */,
				F36C562B28E6800D00B524BB /* Assets.xcassets in Resources */,
			);
			runOnlyForDeploymentPostprocessing = 0;
		};
		F36C563128E6800D00B524BB /* Resources */ = {
			isa = PBXResourcesBuildPhase;
			buildActionMask = 2147483647;
			files = (
			);
			runOnlyForDeploymentPostprocessing = 0;
		};
		F36C563B28E6800D00B524BB /* Resources */ = {
			isa = PBXResourcesBuildPhase;
			buildActionMask = 2147483647;
			files = (
			);
			runOnlyForDeploymentPostprocessing = 0;
		};
/* End PBXResourcesBuildPhase section */

/* Begin PBXSourcesBuildPhase section */
		F36C561F28E6800C00B524BB /* Sources */ = {
			isa = PBXSourcesBuildPhase;
			buildActionMask = 2147483647;
			files = (
				F36C562928E6800C00B524BB /* ContentView.swift in Sources */,
				F36C562728E6800C00B524BB /* Lecture_3_1App.swift in Sources */,
			);
			runOnlyForDeploymentPostprocessing = 0;
		};
		F36C562F28E6800D00B524BB /* Sources */ = {
			isa = PBXSourcesBuildPhase;
			buildActionMask = 2147483647;
			files = (
				F36C563828E6800D00B524BB /* Lecture_3_1Tests.swift in Sources */,
			);
			runOnlyForDeploymentPostprocessing = 0;
		};
		F36C563928E6800D00B524BB /* Sources */ = {
			isa = PBXSourcesBuildPhase;
			buildActionMask = 2147483647;
			files = (
				F36C564228E6800D00B524BB /* Lecture_3_1UITests.swift in Sources */,
				F36C564428E6800D00B524BB /* Lecture_3_1UITestsLaunchTests.swift in Sources */,
			);
			runOnlyForDeploymentPostprocessing = 0;
		};
/* End PBXSourcesBuildPhase section */

/* Begin PBXTargetDependency section */
		F36C563528E6800D00B524BB /* PBXTargetDependency */ = {
			isa = PBXTargetDependency;
			target = F36C562228E6800C00B524BB /* Lecture 3 1 */;
			targetProxy = F36C563428E6800D00B524BB /* PBXContainerItemProxy */;
		};
		F36C563F28E6800D00B524BB /* PBXTargetDependency */ = {
			isa = PBXTargetDependency;
			target = F36C562228E6800C00B524BB /* Lecture 3 1 */;
			targetProxy = F36C563E28E6800D00B524BB /* PBXContainerItemProxy */;
		};
/* End PBXTargetDependency section */

/* Begin XCBuildConfiguration section */
		F36C564528E6800D00B524BB /* Debug */ = {
			isa = XCBuildConfiguration;
			buildSettings = {
				ALWAYS_SEARCH_USER_PATHS = NO;
				CLANG_ANALYZER_NONNULL = YES;
				CLANG_ANALYZER_NUMBER_OBJECT_CONVERSION = YES_AGGRESSIVE;
				CLANG_CXX_LANGUAGE_STANDARD = "gnu++17";
				CLANG_ENABLE_MODULES = YES;
				CLANG_ENABLE_OBJC_ARC = YES;
				CLANG_ENABLE_OBJC_WEAK = YES;
				CLANG_WARN_BLOCK_CAPTURE_AUTORELEASING = YES;
				CLANG_WARN_BOOL_CONVERSION = YES;
				CLANG_WARN_COMMA = YES;
				CLANG_WARN_CONSTANT_CONVERSION = YES;
				CLANG_WARN_DEPRECATED_OBJC_IMPLEMENTATIONS = YES;
				CLANG_WARN_DIRECT_OBJC_ISA_USAGE = YES_ERROR;
				CLANG_WARN_DOCUMENTATION_COMMENTS = YES;
				CLANG_WARN_EMPTY_BODY = YES;
				CLANG_WARN_ENUM_CONVERSION = YES;
				CLANG_WARN_INFINITE_RECURSION = YES;
				CLANG_WARN_INT_CONVERSION = YES;
				CLANG_WARN_NON_LITERAL_NULL_CONVERSION = YES;
				CLANG_WARN_OBJC_IMPLICIT_RETAIN_SELF = YES;
				CLANG_WARN_OBJC_LITERAL_CONVERSION = YES;
				CLANG_WARN_OBJC_ROOT_CLASS = YES_ERROR;
				CLANG_WARN_QUOTED_INCLUDE_IN_FRAMEWORK_HEADER = YES;
				CLANG_WARN_RANGE_LOOP_ANALYSIS = YES;
				CLANG_WARN_STRICT_PROTOTYPES = YES;
				CLANG_WARN_SUSPICIOUS_MOVE = YES;
				CLANG_WARN_UNGUARDED_AVAILABILITY = YES_AGGRESSIVE;
				CLANG_WARN_UNREACHABLE_CODE = YES;
				CLANG_WARN__DUPLICATE_METHOD_MATCH = YES;
				COPY_PHASE_STRIP = NO;
				DEBUG_INFORMATION_FORMAT = dwarf;
				ENABLE_STRICT_OBJC_MSGSEND = YES;
				ENABLE_TESTABILITY = YES;
				GCC_C_LANGUAGE_STANDARD = gnu11;
				GCC_DYNAMIC_NO_PIC = NO;
				GCC_NO_COMMON_BLOCKS = YES;
				GCC_OPTIMIZATION_LEVEL = 0;
				GCC_PREPROCESSOR_DEFINITIONS = (
					"DEBUG=1",
					"$(inherited)",
				);
				GCC_WARN_64_TO_32_BIT_CONVERSION = YES;
				GCC_WARN_ABOUT_RETURN_TYPE = YES_ERROR;
				GCC_WARN_UNDECLARED_SELECTOR = YES;
				GCC_WARN_UNINITIALIZED_AUTOS = YES_AGGRESSIVE;
				GCC_WARN_UNUSED_FUNCTION = YES;
				GCC_WARN_UNUSED_VARIABLE = YES;
				IPHONEOS_DEPLOYMENT_TARGET = 15.5;
				MTL_ENABLE_DEBUG_INFO = INCLUDE_SOURCE;
				MTL_FAST_MATH = YES;
				ONLY_ACTIVE_ARCH = YES;
				SDKROOT = iphoneos;
				SWIFT_ACTIVE_COMPILATION_CONDITIONS = DEBUG;
				SWIFT_OPTIMIZATION_LEVEL = "-Onone";
			};
			name = Debug;
		};
		F36C564628E6800D00B524BB /* Release */ = {
			isa = XCBuildConfiguration;
			buildSettings = {
				ALWAYS_SEARCH_USER_PATHS = NO;
				CLANG_ANALYZER_NONNULL = YES;
				CLANG_ANALYZER_NUMBER_OBJECT_CONVERSION = YES_AGGRESSIVE;
				CLANG_CXX_LANGUAGE_STANDARD = "gnu++17";
				CLANG_ENABLE_MODULES = YES;
				CLANG_ENABLE_OBJC_ARC = YES;
				CLANG_ENABLE_OBJC_WEAK = YES;
				CLANG_WARN_BLOCK_CAPTURE_AUTORELEASING = YES;
				CLANG_WARN_BOOL_CONVERSION = YES;
				CLANG_WARN_COMMA = YES;
				CLANG_WARN_CONSTANT_CONVERSION = YES;
				CLANG_WARN_DEPRECATED_OBJC_IMPLEMENTATIONS = YES;
				CLANG_WARN_DIRECT_OBJC_ISA_USAGE = YES_ERROR;
				CLANG_WARN_DOCUMENTATION_COMMENTS = YES;
				CLANG_WARN_EMPTY_BODY = YES;
				CLANG_WARN_ENUM_CONVERSION = YES;
				CLANG_WARN_INFINITE_RECURSION = YES;
				CLANG_WARN_INT_CONVERSION = YES;
				CLANG_WARN_NON_LITERAL_NULL_CONVERSION = YES;
				CLANG_WARN_OBJC_IMPLICIT_RETAIN_SELF = YES;
				CLANG_WARN_OBJC_LITERAL_CONVERSION = YES;
				CLANG_WARN_OBJC_ROOT_CLASS = YES_ERROR;
				CLANG_WARN_QUOTED_INCLUDE_IN_FRAMEWORK_HEADER = YES;
				CLANG_WARN_RANGE_LOOP_ANALYSIS = YES;
				CLANG_WARN_STRICT_PROTOTYPES = YES;
				CLANG_WARN_SUSPICIOUS_MOVE = YES;
				CLANG_WARN_UNGUARDED_AVAILABILITY = YES_AGGRESSIVE;
				CLANG_WARN_UNREACHABLE_CODE = YES;
				CLANG_WARN__DUPLICATE_METHOD_MATCH = YES;
				COPY_PHASE_STRIP = NO;
				DEBUG_INFORMATION_FORMAT = "dwarf-with-dsym";
				ENABLE_NS_ASSERTIONS = NO;
				ENABLE_STRICT_OBJC_MSGSEND = YES;
				GCC_C_LANGUAGE_STANDARD = gnu11;
				GCC_NO_COMMON_BLOCKS = YES;
				GCC_WARN_64_TO_32_BIT_CONVERSION = YES;
				GCC_WARN_ABOUT_RETURN_TYPE = YES_ERROR;
				GCC_WARN_UNDECLARED_SELECTOR = YES;
				GCC_WARN_UNINITIALIZED_AUTOS = YES_AGGRESSIVE;
				GCC_WARN_UNUSED_FUNCTION = YES;
				GCC_WARN_UNUSED_VARIABLE = YES;
				IPHONEOS_DEPLOYMENT_TARGET = 15.5;
				MTL_ENABLE_DEBUG_INFO = NO;
				MTL_FAST_MATH = YES;
				SDKROOT = iphoneos;
				SWIFT_COMPILATION_MODE = wholemodule;
				SWIFT_OPTIMIZATION_LEVEL = "-O";
				VALIDATE_PRODUCT = YES;
			};
			name = Release;
		};
		F36C564828E6800D00B524BB /* Debug */ = {
			isa = XCBuildConfiguration;
			buildSettings = {
				ASSETCATALOG_COMPILER_APPICON_NAME = AppIcon;
				ASSETCATALOG_COMPILER_GLOBAL_ACCENT_COLOR_NAME = AccentColor;
				CODE_SIGN_STYLE = Automatic;
				CURRENT_PROJECT_VERSION = 1;
				DEVELOPMENT_ASSET_PATHS = "\"Lecture 3 1/Preview Content\"";
				ENABLE_PREVIEWS = YES;
				GENERATE_INFOPLIST_FILE = YES;
				INFOPLIST_KEY_UIApplicationSceneManifest_Generation = YES;
				INFOPLIST_KEY_UIApplicationSupportsIndirectInputEvents = YES;
				INFOPLIST_KEY_UILaunchScreen_Generation = YES;
				INFOPLIST_KEY_UISupportedInterfaceOrientations_iPad = "UIInterfaceOrientationPortrait UIInterfaceOrientationPortraitUpsideDown UIInterfaceOrientationLandscapeLeft UIInterfaceOrientationLandscapeRight";
				INFOPLIST_KEY_UISupportedInterfaceOrientations_iPhone = "UIInterfaceOrientationPortrait UIInterfaceOrientationLandscapeLeft UIInterfaceOrientationLandscapeRight";
				LD_RUNPATH_SEARCH_PATHS = (
					"$(inherited)",
					"@executable_path/Frameworks",
				);
				MARKETING_VERSION = 1.0;
				PRODUCT_BUNDLE_IDENTIFIER = "CubStart.Lecture-3-1";
				PRODUCT_NAME = "$(TARGET_NAME)";
				SWIFT_EMIT_LOC_STRINGS = YES;
				SWIFT_VERSION = 5.0;
				TARGETED_DEVICE_FAMILY = "1,2";
			};
			name = Debug;
		};
		F36C564928E6800D00B524BB /* Release */ = {
			isa = XCBuildConfiguration;
			buildSettings = {
				ASSETCATALOG_COMPILER_APPICON_NAME = AppIcon;
				ASSETCATALOG_COMPILER_GLOBAL_ACCENT_COLOR_NAME = AccentColor;
				CODE_SIGN_STYLE = Automatic;
				CURRENT_PROJECT_VERSION = 1;
				DEVELOPMENT_ASSET_PATHS = "\"Lecture 3 1/Preview Content\"";
				ENABLE_PREVIEWS = YES;
				GENERATE_INFOPLIST_FILE = YES;
				INFOPLIST_KEY_UIApplicationSceneManifest_Generation = YES;
				INFOPLIST_KEY_UIApplicationSupportsIndirectInputEvents = YES;
				INFOPLIST_KEY_UILaunchScreen_Generation = YES;
				INFOPLIST_KEY_UISupportedInterfaceOrientations_iPad = "UIInterfaceOrientationPortrait UIInterfaceOrientationPortraitUpsideDown UIInterfaceOrientationLandscapeLeft UIInterfaceOrientationLandscapeRight";
				INFOPLIST_KEY_UISupportedInterfaceOrientations_iPhone = "UIInterfaceOrientationPortrait UIInterfaceOrientationLandscapeLeft UIInterfaceOrientationLandscapeRight";
				LD_RUNPATH_SEARCH_PATHS = (
					"$(inherited)",
					"@executable_path/Frameworks",
				);
				MARKETING_VERSION = 1.0;
				PRODUCT_BUNDLE_IDENTIFIER = "CubStart.Lecture-3-1";
				PRODUCT_NAME = "$(TARGET_NAME)";
				SWIFT_EMIT_LOC_STRINGS = YES;
				SWIFT_VERSION = 5.0;
				TARGETED_DEVICE_FAMILY = "1,2";
			};
			name = Release;
		};
		F36C564B28E6800D00B524BB /* Debug */ = {
			isa = XCBuildConfiguration;
			buildSettings = {
				ALWAYS_EMBED_SWIFT_STANDARD_LIBRARIES = YES;
				BUNDLE_LOADER = "$(TEST_HOST)";
				CODE_SIGN_STYLE = Automatic;
				CURRENT_PROJECT_VERSION = 1;
				GENERATE_INFOPLIST_FILE = YES;
				IPHONEOS_DEPLOYMENT_TARGET = 15.5;
				MARKETING_VERSION = 1.0;
				PRODUCT_BUNDLE_IDENTIFIER = "CubStart.Lecture-3-1Tests";
				PRODUCT_NAME = "$(TARGET_NAME)";
				SWIFT_EMIT_LOC_STRINGS = NO;
				SWIFT_VERSION = 5.0;
				TARGETED_DEVICE_FAMILY = "1,2";
				TEST_HOST = "$(BUILT_PRODUCTS_DIR)/Lecture 3 1.app/Lecture 3 1";
			};
			name = Debug;
		};
		F36C564C28E6800D00B524BB /* Release */ = {
			isa = XCBuildConfiguration;
			buildSettings = {
				ALWAYS_EMBED_SWIFT_STANDARD_LIBRARIES = YES;
				BUNDLE_LOADER = "$(TEST_HOST)";
				CODE_SIGN_STYLE = Automatic;
				CURRENT_PROJECT_VERSION = 1;
				GENERATE_INFOPLIST_FILE = YES;
				IPHONEOS_DEPLOYMENT_TARGET = 15.5;
				MARKETING_VERSION = 1.0;
				PRODUCT_BUNDLE_IDENTIFIER = "CubStart.Lecture-3-1Tests";
				PRODUCT_NAME = "$(TARGET_NAME)";
				SWIFT_EMIT_LOC_STRINGS = NO;
				SWIFT_VERSION = 5.0;
				TARGETED_DEVICE_FAMILY = "1,2";
				TEST_HOST = "$(BUILT_PRODUCTS_DIR)/Lecture 3 1.app/Lecture 3 1";
			};
			name = Release;
		};
		F36C564E28E6800D00B524BB /* Debug */ = {
			isa = XCBuildConfiguration;
			buildSettings = {
				ALWAYS_EMBED_SWIFT_STANDARD_LIBRARIES = YES;
				CODE_SIGN_STYLE = Automatic;
				CURRENT_PROJECT_VERSION = 1;
				GENERATE_INFOPLIST_FILE = YES;
				MARKETING_VERSION = 1.0;
				PRODUCT_BUNDLE_IDENTIFIER = "CubStart.Lecture-3-1UITests";
				PRODUCT_NAME = "$(TARGET_NAME)";
				SWIFT_EMIT_LOC_STRINGS = NO;
				SWIFT_VERSION = 5.0;
				TARGETED_DEVICE_FAMILY = "1,2";
				TEST_TARGET_NAME = "Lecture 3 1";
			};
			name = Debug;
		};
		F36C564F28E6800D00B524BB /* Release */ = {
			isa = XCBuildConfiguration;
			buildSettings = {
				ALWAYS_EMBED_SWIFT_STANDARD_LIBRARIES = YES;
				CODE_SIGN_STYLE = Automatic;
				CURRENT_PROJECT_VERSION = 1;
				GENERATE_INFOPLIST_FILE = YES;
				MARKETING_VERSION = 1.0;
				PRODUCT_BUNDLE_IDENTIFIER = "CubStart.Lecture-3-1UITests";
				PRODUCT_NAME = "$(TARGET_NAME)";
				SWIFT_EMIT_LOC_STRINGS = NO;
				SWIFT_VERSION = 5.0;
				TARGETED_DEVICE_FAMILY = "1,2";
				TEST_TARGET_NAME = "Lecture 3 1";
			};
			name = Release;
		};
/* End XCBuildConfiguration section */

/* Begin XCConfigurationList section */
		F36C561E28E6800C00B524BB /* Build configuration list for PBXProject "Lecture 3 1" */ = {
			isa = XCConfigurationList;
			buildConfigurations = (
				F36C564528E6800D00B524BB /* Debug */,
				F36C564628E6800D00B524BB /* Release */,
			);
			defaultConfigurationIsVisible = 0;
			defaultConfigurationName = Release;
		};
		F36C564728E6800D00B524BB /* Build configuration list for PBXNativeTarget "Lecture 3 1" */ = {
			isa = XCConfigurationList;
			buildConfigurations = (
				F36C564828E6800D00B524BB /* Debug */,
				F36C564928E6800D00B524BB /* Release */,
			);
			defaultConfigurationIsVisible = 0;
			defaultConfigurationName = Release;
		};
		F36C564A28E6800D00B524BB /* Build configuration list for PBXNativeTarget "Lecture 3 1Tests" */ = {
			isa = XCConfigurationList;
			buildConfigurations = (
				F36C564B28E6800D00B524BB /* Debug */,
				F36C564C28E6800D00B524BB /* Release */,
			);
			defaultConfigurationIsVisible = 0;
			defaultConfigurationName = Release;
		};
		F36C564D28E6800D00B524BB /* Build configuration list for PBXNativeTarget "Lecture 3 1UITests" */ = {
			isa = XCConfigurationList;
			buildConfigurations = (
				F36C564E28E6800D00B524BB /* Debug */,
				F36C564F28E6800D00B524BB /* Release */,
			);
			defaultConfigurationIsVisible = 0;
			defaultConfigurationName = Release;
		};
/* End XCConfigurationList section */
	};
	rootObject = F36C561B28E6800C00B524BB /* Project object */;
}
